{
  "version": 1,
  "dependencies": {
    "net9.0-windows7.0": {
      "DalamudPackager": {
        "type": "Direct",
        "requested": "[12.0.0, )",
        "resolved": "12.0.0",
        "contentHash": "J5TJLV3f16T/E2H2P17ClWjtfEBPpq3yxvqW46eN36JCm6wR+EaoaYkqG9Rm5sHqs3/nK/vKjWWyvEs/jhKoXw=="
      },
      "DotNet.Glob": {
        "type": "Direct",
        "requested": "[3.1.3, )",
        "resolved": "3.1.3",
        "contentHash": "hOfHw7MLJw/tbXaFwR1oiDb+dIXDp8URTxp5Pco42OOhiw77wrUNx6v6syNygHZbWwYdXQocL2Mo1l5FnfDVjg=="
      },
      "DotNet.ReproducibleBuilds": {
        "type": "Direct",
        "requested": "[1.2.25, )",
        "resolved": "1.2.25",
        "contentHash": "xCXiw7BCxHJ8pF6wPepRUddlh2dlQlbr81gXA72hdk4FLHkKXas7EH/n+fk5UCA/YfMqG1Z6XaPiUjDbUNBUzg=="
      },
      "Microsoft.NET.ILLink.Tasks": {
        "type": "Direct",
        "requested": "[9.0.4, )",
        "resolved": "9.0.4",
        "contentHash": "xUdlUxiFwXhTYhB4VxKg/IA0+jlZXJPo70LYuMryWbJHdonIpZjw+7DO2B0pWwpXIOs6MlH5WVXPEtfrGEcVZA=="
      }
    }
  }
}